
Microsoft Visual Studio Solution File, Format Version 12.00
# Visual Studio 15
VisualStudioVersion = 15.0.28307.438
MinimumVisualStudioVersion = 10.0.40219.1
Project("{FAE04EC0-301F-11D3-BF4B-00C04F79EFBC}") = "NavomiApi", "NavomiApi\NavomiApi.csproj", "{B75F59A1-61E4-4E05-8213-C8A20C5D241D}"
EndProject
Global
	GlobalSection(SolutionConfigurationPlatforms) = preSolution
		Debug|Any CPU = Debug|Any CPU
		Release|Any CPU = Release|Any CPU
	EndGlobalSection
	GlobalSection(ProjectConfigurationPlatforms) = postSolution
		{B75F59A1-61E4-4E05-8213-C8A20C5D241D}.Debug|Any CPU.ActiveCfg = Debug|Any CPU
		{B75F59A1-61E4-4E05-8213-C8A20C5D241D}.Debug|Any CPU.Build.0 = Debug|Any CPU
		{B75F59A1-61E4-4E05-8213-C8A20C5D241D}.Release|Any CPU.ActiveCfg = Release|Any CPU
		{B75F59A1-61E4-4E05-8213-C8A20C5D241D}.Release|Any CPU.Build.0 = Release|Any CPU
	EndGlobalSection
	GlobalSection(SolutionProperties) = preSolution
		HideSolutionNode = FALSE
	EndGlobalSection
	GlobalSection(ExtensibilityGlobals) = postSolution
		SolutionGuid = {74532855-7ACC-4D53-B9AB-03A333E5CA5D}
	EndGlobalSection
EndGlobal
